
Microsoft Visual Studio Solution File, Format Version 12.00
# Visual Studio Version 17
VisualStudioVersion = 17.4.33213.308
MinimumVisualStudioVersion = 10.0.40219.1
Project("{8BC9CEB8-8B4A-11D0-8D11-00A0C91BC942}") = "David_Getting Started", "David_Getting Started.vcxproj", "{07254762-6083-49F4-90F7-374EC5E05289}"
EndProject
Global
	GlobalSection(SolutionConfigurationPlatforms) = preSolution
		Debug|x64 = Debug|x64
		Debug|x86 = Debug|x86
		Release|x64 = Release|x64
		Release|x86 = Release|x86
	EndGlobalSection
	GlobalSection(ProjectConfigurationPlatforms) = postSolution
		{07254762-6083-49F4-90F7-374EC5E05289}.Debug|x64.ActiveCfg = Debug|x64
		{07254762-6083-49F4-90F7-374EC5E05289}.Debug|x64.Build.0 = Debug|x64
		{07254762-6083-49F4-90F7-374EC5E05289}.Debug|x86.ActiveCfg = Debug|Win32
		{07254762-6083-49F4-90F7-374EC5E05289}.Debug|x86.Build.0 = Debug|Win32
		{07254762-6083-49F4-90F7-374EC5E05289}.Release|x64.ActiveCfg = Release|x64
		{07254762-6083-49F4-90F7-374EC5E05289}.Release|x64.Build.0 = Release|x64
		{07254762-6083-49F4-90F7-374EC5E05289}.Release|x86.ActiveCfg = Release|Win32
		{07254762-6083-49F4-90F7-374EC5E05289}.Release|x86.Build.0 = Release|Win32
	EndGlobalSection
	GlobalSection(SolutionProperties) = preSolution
		HideSolutionNode = FALSE
	EndGlobalSection
	GlobalSection(ExtensibilityGlobals) = postSolution
		SolutionGuid = {52AAA88C-82F2-4102-81A3-A945A53C65DC}
	EndGlobalSection
EndGlobal
